// !$*UTF8*$!
{
	archiveVersion = 1;
	classes = {
	};
	objectVersion = 50;
	objects = {

/* Begin PBXBuildFile section */
		49471D32D9240C4A48050955 /* Pods_AlkoTracker.framework in Frameworks */ = {isa = PBXBuildFile; fileRef = C9BBEF4593E95D04BD59F8B1 /* Pods_AlkoTracker.framework */; };
		FE4F2A6E20E2678800B1508E /* AppDelegate.swift in Sources */ = {isa = PBXBuildFile; fileRef = FE4F2A6D20E2678800B1508E /* AppDelegate.swift */; };
		FE4F2A7020E2678800B1508E /* ViewController.swift in Sources */ = {isa = PBXBuildFile; fileRef = FE4F2A6F20E2678800B1508E /* ViewController.swift */; };
		FE4F2A7320E2678800B1508E /* Main.storyboard in Resources */ = {isa = PBXBuildFile; fileRef = FE4F2A7120E2678800B1508E /* Main.storyboard */; };
		FE4F2A7520E2678900B1508E /* Assets.xcassets in Resources */ = {isa = PBXBuildFile; fileRef = FE4F2A7420E2678900B1508E /* Assets.xcassets */; };
		FE4F2A7820E2678900B1508E /* LaunchScreen.storyboard in Resources */ = {isa = PBXBuildFile; fileRef = FE4F2A7620E2678900B1508E /* LaunchScreen.storyboard */; };
		FE4F2A8020E26DC400B1508E /* Place.swift in Sources */ = {isa = PBXBuildFile; fileRef = FE4F2A7F20E26DC400B1508E /* Place.swift */; };
		FEE8BB2820FCD0C0007398EA /* Keys.plist in Resources */ = {isa = PBXBuildFile; fileRef = FEE8BB2720FCD0C0007398EA /* Keys.plist */; };
/* End PBXBuildFile section */

/* Begin PBXFileReference section */
		8AF8FA5F602774BC40B8EF6A /* Pods-AlkoTracker.release.xcconfig */ = {isa = PBXFileReference; includeInIndex = 1; lastKnownFileType = text.xcconfig; name = "Pods-AlkoTracker.release.xcconfig"; path = "Pods/Target Support Files/Pods-AlkoTracker/Pods-AlkoTracker.release.xcconfig"; sourceTree = "<group>"; };
		94F4547BA50F2992463F6B2F /* Pods-AlkoTracker.debug.xcconfig */ = {isa = PBXFileReference; includeInIndex = 1; lastKnownFileType = text.xcconfig; name = "Pods-AlkoTracker.debug.xcconfig"; path = "Pods/Target Support Files/Pods-AlkoTracker/Pods-AlkoTracker.debug.xcconfig"; sourceTree = "<group>"; };
		C9BBEF4593E95D04BD59F8B1 /* Pods_AlkoTracker.framework */ = {isa = PBXFileReference; explicitFileType = wrapper.framework; includeInIndex = 0; path = Pods_AlkoTracker.framework; sourceTree = BUILT_PRODUCTS_DIR; };
		FE4F2A6A20E2678800B1508E /* AlkoTracker.app */ = {isa = PBXFileReference; explicitFileType = wrapper.application; includeInIndex = 0; path = AlkoTracker.app; sourceTree = BUILT_PRODUCTS_DIR; };
		FE4F2A6D20E2678800B1508E /* AppDelegate.swift */ = {isa = PBXFileReference; lastKnownFileType = sourcecode.swift; path = AppDelegate.swift; sourceTree = "<group>"; };
		FE4F2A6F20E2678800B1508E /* ViewController.swift */ = {isa = PBXFileReference; lastKnownFileType = sourcecode.swift; path = ViewController.swift; sourceTree = "<group>"; };
		FE4F2A7220E2678800B1508E /* Base */ = {isa = PBXFileReference; lastKnownFileType = file.storyboard; name = Base; path = Base.lproj/Main.storyboard; sourceTree = "<group>"; };
		FE4F2A7420E2678900B1508E /* Assets.xcassets */ = {isa = PBXFileReference; lastKnownFileType = folder.assetcatalog; path = Assets.xcassets; sourceTree = "<group>"; };
		FE4F2A7720E2678900B1508E /* Base */ = {isa = PBXFileReference; lastKnownFileType = file.storyboard; name = Base; path = Base.lproj/LaunchScreen.storyboard; sourceTree = "<group>"; };
		FE4F2A7920E2678900B1508E /* Info.plist */ = {isa = PBXFileReference; lastKnownFileType = text.plist.xml; path = Info.plist; sourceTree = "<group>"; };
		FE4F2A7F20E26DC400B1508E /* Place.swift */ = {isa = PBXFileReference; lastKnownFileType = sourcecode.swift; path = Place.swift; sourceTree = "<group>"; };
		FEE8BB2720FCD0C0007398EA /* Keys.plist */ = {isa = PBXFileReference; lastKnownFileType = text.plist.xml; path = Keys.plist; sourceTree = "<group>"; };
/* End PBXFileReference section */

/* Begin PBXFrameworksBuildPhase section */
		FE4F2A6720E2678800B1508E /* Frameworks */ = {
			isa = PBXFrameworksBuildPhase;
			buildActionMask = 2147483647;
			files = (
				49471D32D9240C4A48050955 /* Pods_AlkoTracker.framework in Frameworks */,
			);
			runOnlyForDeploymentPostprocessing = 0;
		};
/* End PBXFrameworksBuildPhase section */

/* Begin PBXGroup section */
		9D79E2D280BD2081C5A23B3E /* Pods */ = {
			isa = PBXGroup;
			children = (
				94F4547BA50F2992463F6B2F /* Pods-AlkoTracker.debug.xcconfig */,
				8AF8FA5F602774BC40B8EF6A /* Pods-AlkoTracker.release.xcconfig */,
			);
			name = Pods;
			sourceTree = "<group>";
		};
		E67A1E6BCFA7B80E3D63E77C /* Frameworks */ = {
			isa = PBXGroup;
			children = (
				C9BBEF4593E95D04BD59F8B1 /* Pods_AlkoTracker.framework */,
			);
			name = Frameworks;
			sourceTree = "<group>";
		};
		FE4F2A6120E2678800B1508E = {
			isa = PBXGroup;
			children = (
				FE4F2A6C20E2678800B1508E /* AlkoTracker */,
				FE4F2A6B20E2678800B1508E /* Products */,
				9D79E2D280BD2081C5A23B3E /* Pods */,
				E67A1E6BCFA7B80E3D63E77C /* Frameworks */,
			);
			sourceTree = "<group>";
		};
		FE4F2A6B20E2678800B1508E /* Products */ = {
			isa = PBXGroup;
			children = (
				FE4F2A6A20E2678800B1508E /* AlkoTracker.app */,
			);
			name = Products;
			sourceTree = "<group>";
		};
		FE4F2A6C20E2678800B1508E /* AlkoTracker */ = {
			isa = PBXGroup;
			children = (
				FE4F2A6D20E2678800B1508E /* AppDelegate.swift */,
				FE4F2A6F20E2678800B1508E /* ViewController.swift */,
				FE4F2A7120E2678800B1508E /* Main.storyboard */,
				FE4F2A7420E2678900B1508E /* Assets.xcassets */,
				FE4F2A7620E2678900B1508E /* LaunchScreen.storyboard */,
				FE4F2A7920E2678900B1508E /* Info.plist */,
				FE4F2A7F20E26DC400B1508E /* Place.swift */,
				FEE8BB2720FCD0C0007398EA /* Keys.plist */,
			);
			path = AlkoTracker;
			sourceTree = "<group>";
		};
/* End PBXGroup section */

/* Begin PBXNativeTarget section */
		FE4F2A6920E2678800B1508E /* AlkoTracker */ = {
			isa = PBXNativeTarget;
			buildConfigurationList = FE4F2A7C20E2678900B1508E /* Build configuration list for PBXNativeTarget "AlkoTracker" */;
			buildPhases = (
				AA0A6C153D1D5802490EEB02 /* [CP] Check Pods Manifest.lock */,
				FE4F2A6620E2678800B1508E /* Sources */,
				FE4F2A6720E2678800B1508E /* Frameworks */,
				FE4F2A6820E2678800B1508E /* Resources */,
				2F29EA91EAE68A52EFAB7F86 /* [CP] Embed Pods Frameworks */,
			);
			buildRules = (
			);
			dependencies = (
			);
			name = AlkoTracker;
			productName = AlkoTracker;
			productReference = FE4F2A6A20E2678800B1508E /* AlkoTracker.app */;
			productType = "com.apple.product-type.application";
		};
/* End PBXNativeTarget section */

/* Begin PBXProject section */
		FE4F2A6220E2678800B1508E /* Project object */ = {
			isa = PBXProject;
			attributes = {
				LastSwiftUpdateCheck = 0940;
				LastUpgradeCheck = 0940;
				ORGANIZATIONNAME = "Olli Warro";
				TargetAttributes = {
					FE4F2A6920E2678800B1508E = {
						CreatedOnToolsVersion = 9.4;
					};
				};
			};
			buildConfigurationList = FE4F2A6520E2678800B1508E /* Build configuration list for PBXProject "AlkoTracker" */;
			compatibilityVersion = "Xcode 9.3";
			developmentRegion = en;
			hasScannedForEncodings = 0;
			knownRegions = (
				en,
				Base,
			);
			mainGroup = FE4F2A6120E2678800B1508E;
			productRefGroup = FE4F2A6B20E2678800B1508E /* Products */;
			projectDirPath = "";
			projectRoot = "";
			targets = (
				FE4F2A6920E2678800B1508E /* AlkoTracker */,
			);
		};
/* End PBXProject section */

/* Begin PBXResourcesBuildPhase section */
		FE4F2A6820E2678800B1508E /* Resources */ = {
			isa = PBXResourcesBuildPhase;
			buildActionMask = 2147483647;
			files = (
				FEE8BB2820FCD0C0007398EA /* Keys.plist in Resources */,
				FE4F2A7820E2678900B1508E /* LaunchScreen.storyboard in Resources */,
				FE4F2A7520E2678900B1508E /* Assets.xcassets in Resources */,
				FE4F2A7320E2678800B1508E /* Main.storyboard in Resources */,
			);
			runOnlyForDeploymentPostprocessing = 0;
		};
/* End PBXResourcesBuildPhase section */

/* Begin PBXShellScriptBuildPhase section */
		2F29EA91EAE68A52EFAB7F86 /* [CP] Embed Pods Frameworks */ = {
			isa = PBXShellScriptBuildPhase;
			buildActionMask = 2147483647;
			files = (
			);
			inputPaths = (
				"${SRCROOT}/Pods/Target Support Files/Pods-AlkoTracker/Pods-AlkoTracker-frameworks.sh",
				"${BUILT_PRODUCTS_DIR}/Alamofire/Alamofire.framework",
				"${BUILT_PRODUCTS_DIR}/SwiftyJSON/SwiftyJSON.framework",
			);
			name = "[CP] Embed Pods Frameworks";
			outputPaths = (
				"${TARGET_BUILD_DIR}/${FRAMEWORKS_FOLDER_PATH}/Alamofire.framework",
				"${TARGET_BUILD_DIR}/${FRAMEWORKS_FOLDER_PATH}/SwiftyJSON.framework",
			);
			runOnlyForDeploymentPostprocessing = 0;
			shellPath = /bin/sh;
			shellScript = "\"${SRCROOT}/Pods/Target Support Files/Pods-AlkoTracker/Pods-AlkoTracker-frameworks.sh\"\n";
			showEnvVarsInLog = 0;
		};
		AA0A6C153D1D5802490EEB02 /* [CP] Check Pods Manifest.lock */ = {
			isa = PBXShellScriptBuildPhase;
			buildActionMask = 2147483647;
			files = (
			);
			inputPaths = (
				"${PODS_PODFILE_DIR_PATH}/Podfile.lock",
				"${PODS_ROOT}/Manifest.lock",
			);
			name = "[CP] Check Pods Manifest.lock";
			outputPaths = (
				"$(DERIVED_FILE_DIR)/Pods-AlkoTracker-checkManifestLockResult.txt",
			);
			runOnlyForDeploymentPostprocessing = 0;
			shellPath = /bin/sh;
			shellScript = "diff \"${PODS_PODFILE_DIR_PATH}/Podfile.lock\" \"${PODS_ROOT}/Manifest.lock\" > /dev/null\nif [ $? != 0 ] ; then\n    # print error to STDERR\n    echo \"error: The sandbox is not in sync with the Podfile.lock. Run 'pod install' or update your CocoaPods installation.\" >&2\n    exit 1\nfi\n# This output is used by Xcode 'outputs' to avoid re-running this script phase.\necho \"SUCCESS\" > \"${SCRIPT_OUTPUT_FILE_0}\"\n";
			showEnvVarsInLog = 0;
		};
/* End PBXShellScriptBuildPhase section */

/* Begin PBXSourcesBuildPhase section */
		FE4F2A6620E2678800B1508E /* Sources */ = {
			isa = PBXSourcesBuildPhase;
			buildActionMask = 2147483647;
			files = (
				FE4F2A8020E26DC400B1508E /* Place.swift in Sources */,
				FE4F2A7020E2678800B1508E /* ViewController.swift in Sources */,
				FE4F2A6E20E2678800B1508E /* AppDelegate.swift in Sources */,
			);
			runOnlyForDeploymentPostprocessing = 0;
		};
/* End PBXSourcesBuildPhase section */

/* Begin PBXVariantGroup section */
		FE4F2A7120E2678800B1508E /* Main.storyboard */ = {
			isa = PBXVariantGroup;
			children = (
				FE4F2A7220E2678800B1508E /* Base */,
			);
			name = Main.storyboard;
			sourceTree = "<group>";
		};
		FE4F2A7620E2678900B1508E /* LaunchScreen.storyboard */ = {
			isa = PBXVariantGroup;
			children = (
				FE4F2A7720E2678900B1508E /* Base */,
			);
			name = LaunchScreen.storyboard;
			sourceTree = "<group>";
		};
/* End PBXVariantGroup section */

/* Begin XCBuildConfiguration section */
		FE4F2A7A20E2678900B1508E /* Debug */ = {
			isa = XCBuildConfiguration;
			buildSettings = {
				ALWAYS_SEARCH_USER_PATHS = NO;
				CLANG_ANALYZER_NONNULL = YES;
				CLANG_ANALYZER_NUMBER_OBJECT_CONVERSION = YES_AGGRESSIVE;
				CLANG_CXX_LANGUAGE_STANDARD = "gnu++14";
				CLANG_CXX_LIBRARY = "libc++";
				CLANG_ENABLE_MODULES = YES;
				CLANG_ENABLE_OBJC_ARC = YES;
				CLANG_ENABLE_OBJC_WEAK = YES;
				CLANG_WARN_BLOCK_CAPTURE_AUTORELEASING = YES;
				CLANG_WARN_BOOL_CONVERSION = YES;
				CLANG_WARN_COMMA = YES;
				CLANG_WARN_CONSTANT_CONVERSION = YES;
				CLANG_WARN_DEPRECATED_OBJC_IMPLEMENTATIONS = YES;
				CLANG_WARN_DIRECT_OBJC_ISA_USAGE = YES_ERROR;
				CLANG_WARN_DOCUMENTATION_COMMENTS = YES;
				CLANG_WARN_EMPTY_BODY = YES;
				CLANG_WARN_ENUM_CONVERSION = YES;
				CLANG_WARN_INFINITE_RECURSION = YES;
				CLANG_WARN_INT_CONVERSION = YES;
				CLANG_WARN_NON_LITERAL_NULL_CONVERSION = YES;
				CLANG_WARN_OBJC_IMPLICIT_RETAIN_SELF = YES;
				CLANG_WARN_OBJC_LITERAL_CONVERSION = YES;
				CLANG_WARN_OBJC_ROOT_CLASS = YES_ERROR;
				CLANG_WARN_RANGE_LOOP_ANALYSIS = YES;
				CLANG_WARN_STRICT_PROTOTYPES = YES;
				CLANG_WARN_SUSPICIOUS_MOVE = YES;
				CLANG_WARN_UNGUARDED_AVAILABILITY = YES_AGGRESSIVE;
				CLANG_WARN_UNREACHABLE_CODE = YES;
				CLANG_WARN__DUPLICATE_METHOD_MATCH = YES;
				CODE_SIGN_IDENTITY = "iPhone Developer";
				COPY_PHASE_STRIP = NO;
				DEBUG_INFORMATION_FORMAT = dwarf;
				ENABLE_STRICT_OBJC_MSGSEND = YES;
				ENABLE_TESTABILITY = YES;
				GCC_C_LANGUAGE_STANDARD = gnu11;
				GCC_DYNAMIC_NO_PIC = NO;
				GCC_NO_COMMON_BLOCKS = YES;
				GCC_OPTIMIZATION_LEVEL = 0;
				GCC_PREPROCESSOR_DEFINITIONS = (
					"DEBUG=1",
					"$(inherited)",
				);
				GCC_WARN_64_TO_32_BIT_CONVERSION = YES;
				GCC_WARN_ABOUT_RETURN_TYPE = YES_ERROR;
				GCC_WARN_UNDECLARED_SELECTOR = YES;
				GCC_WARN_UNINITIALIZED_AUTOS = YES_AGGRESSIVE;
				GCC_WARN_UNUSED_FUNCTION = YES;
				GCC_WARN_UNUSED_VARIABLE = YES;
				IPHONEOS_DEPLOYMENT_TARGET = 11.4;
				MTL_ENABLE_DEBUG_INFO = YES;
				ONLY_ACTIVE_ARCH = YES;
				SDKROOT = iphoneos;
				SWIFT_ACTIVE_COMPILATION_CONDITIONS = DEBUG;
				SWIFT_OPTIMIZATION_LEVEL = "-Onone";
			};
			name = Debug;
		};
		FE4F2A7B20E2678900B1508E /* Release */ = {
			isa = XCBuildConfiguration;
			buildSettings = {
				ALWAYS_SEARCH_USER_PATHS = NO;
				CLANG_ANALYZER_NONNULL = YES;
				CLANG_ANALYZER_NUMBER_OBJECT_CONVERSION = YES_AGGRESSIVE;
				CLANG_CXX_LANGUAGE_STANDARD = "gnu++14";
				CLANG_CXX_LIBRARY = "libc++";
				CLANG_ENABLE_MODULES = YES;
				CLANG_ENABLE_OBJC_ARC = YES;
				CLANG_ENABLE_OBJC_WEAK = YES;
				CLANG_WARN_BLOCK_CAPTURE_AUTORELEASING = YES;
				CLANG_WARN_BOOL_CONVERSION = YES;
				CLANG_WARN_COMMA = YES;
				CLANG_WARN_CONSTANT_CONVERSION = YES;
				CLANG_WARN_DEPRECATED_OBJC_IMPLEMENTATIONS = YES;
				CLANG_WARN_DIRECT_OBJC_ISA_USAGE = YES_ERROR;
				CLANG_WARN_DOCUMENTATION_COMMENTS = YES;
				CLANG_WARN_EMPTY_BODY = YES;
				CLANG_WARN_ENUM_CONVERSION = YES;
				CLANG_WARN_INFINITE_RECURSION = YES;
				CLANG_WARN_INT_CONVERSION = YES;
				CLANG_WARN_NON_LITERAL_NULL_CONVERSION = YES;
				CLANG_WARN_OBJC_IMPLICIT_RETAIN_SELF = YES;
				CLANG_WARN_OBJC_LITERAL_CONVERSION = YES;
				CLANG_WARN_OBJC_ROOT_CLASS = YES_ERROR;
				CLANG_WARN_RANGE_LOOP_ANALYSIS = YES;
				CLANG_WARN_STRICT_PROTOTYPES = YES;
				CLANG_WARN_SUSPICIOUS_MOVE = YES;
				CLANG_WARN_UNGUARDED_AVAILABILITY = YES_AGGRESSIVE;
				CLANG_WARN_UNREACHABLE_CODE = YES;
				CLANG_WARN__DUPLICATE_METHOD_MATCH = YES;
				CODE_SIGN_IDENTITY = "iPhone Developer";
				COPY_PHASE_STRIP = NO;
				DEBUG_INFORMATION_FORMAT = "dwarf-with-dsym";
				ENABLE_NS_ASSERTIONS = NO;
				ENABLE_STRICT_OBJC_MSGSEND = YES;
				GCC_C_LANGUAGE_STANDARD = gnu11;
				GCC_NO_COMMON_BLOCKS = YES;
				GCC_WARN_64_TO_32_BIT_CONVERSION = YES;
				GCC_WARN_ABOUT_RETURN_TYPE = YES_ERROR;
				GCC_WARN_UNDECLARED_SELECTOR = YES;
				GCC_WARN_UNINITIALIZED_AUTOS = YES_AGGRESSIVE;
				GCC_WARN_UNUSED_FUNCTION = YES;
				GCC_WARN_UNUSED_VARIABLE = YES;
				IPHONEOS_DEPLOYMENT_TARGET = 11.4;
				MTL_ENABLE_DEBUG_INFO = NO;
				SDKROOT = iphoneos;
				SWIFT_COMPILATION_MODE = wholemodule;
				SWIFT_OPTIMIZATION_LEVEL = "-O";
				VALIDATE_PRODUCT = YES;
			};
			name = Release;
		};
		FE4F2A7D20E2678900B1508E /* Debug */ = {
			isa = XCBuildConfiguration;
			baseConfigurationReference = 94F4547BA50F2992463F6B2F /* Pods-AlkoTracker.debug.xcconfig */;
			buildSettings = {
				ASSETCATALOG_COMPILER_APPICON_NAME = AppIcon;
				CODE_SIGN_STYLE = Automatic;
				DEVELOPMENT_TEAM = Z8FCLYZDFZ;
				INFOPLIST_FILE = AlkoTracker/Info.plist;
				LD_RUNPATH_SEARCH_PATHS = (
					"$(inherited)",
					"@executable_path/Frameworks",
				);
				PRODUCT_BUNDLE_IDENTIFIER = me.woltsu.AlkoTracker;
				PRODUCT_NAME = "$(TARGET_NAME)";
				SWIFT_VERSION = 4.0;
				TARGETED_DEVICE_FAMILY = "1,2";
			};
			name = Debug;
		};
		FE4F2A7E20E2678900B1508E /* Release */ = {
			isa = XCBuildConfiguration;
			baseConfigurationReference = 8AF8FA5F602774BC40B8EF6A /* Pods-AlkoTracker.release.xcconfig */;
			buildSettings = {
				ASSETCATALOG_COMPILER_APPICON_NAME = AppIcon;
				CODE_SIGN_STYLE = Automatic;
				DEVELOPMENT_TEAM = Z8FCLYZDFZ;
				INFOPLIST_FILE = AlkoTracker/Info.plist;
				LD_RUNPATH_SEARCH_PATHS = (
					"$(inherited)",
					"@executable_path/Frameworks",
				);
				PRODUCT_BUNDLE_IDENTIFIER = me.woltsu.AlkoTracker;
				PRODUCT_NAME = "$(TARGET_NAME)";
				SWIFT_VERSION = 4.0;
				TARGETED_DEVICE_FAMILY = "1,2";
			};
			name = Release;
		};
/* End XCBuildConfiguration section */

/* Begin XCConfigurationList section */
		FE4F2A6520E2678800B1508E /* Build configuration list for PBXProject "AlkoTracker" */ = {
			isa = XCConfigurationList;
			buildConfigurations = (
				FE4F2A7A20E2678900B1508E /* Debug */,
				FE4F2A7B20E2678900B1508E /* Release */,
			);
			defaultConfigurationIsVisible = 0;
			defaultConfigurationName = Release;
		};
		FE4F2A7C20E2678900B1508E /* Build configuration list for PBXNativeTarget "AlkoTracker" */ = {
			isa = XCConfigurationList;
			buildConfigurations = (
				FE4F2A7D20E2678900B1508E /* Debug */,
				FE4F2A7E20E2678900B1508E /* Release */,
			);
			defaultConfigurationIsVisible = 0;
			defaultConfigurationName = Release;
		};
/* End XCConfigurationList section */
	};
	rootObject = FE4F2A6220E2678800B1508E /* Project object */;
}
